{
  "lockfile-version": 1,
  "manifest": {
    "schema-version": "1.12.0",
    "install": {
      "black": {
        "pkg-path": "black",
        "version": "25.1.0"
      },
      "claude-code": {
        "pkg-path": "claude-code",
        "pkg-group": "claude-code",
        "version": "^2.1.170"
      },
      "codex": {
        "pkg-path": "codex",
        "pkg-group": "codex",
        "version": "^0.135.0"
      },
      "go-task": {
        "pkg-path": "go-task",
        "version": "3.48.0"
      },
      "infer": {
        "flake": "github:inference-gateway/cli/v0.121.1"
      },
      "isort": {
        "pkg-path": "isort",
        "version": "7.0.0"
      },
      "python3": {
        "pkg-path": "python3",
        "version": "^3.13.13"
      }
    },
    "hook": {
      "on-activate": "  # Autogenerated by Flox\n\n  # Setup a Python virtual environment\n\n  export PYTHON_DIR=\"$FLOX_ENV_CACHE/python\"\n  if [ ! -d \"$PYTHON_DIR\" ]; then\n    echo \"Creating python virtual environment in $PYTHON_DIR\"\n    python -m venv \"$PYTHON_DIR\"\n  fi\n\n  # Activate the venv at the hook level so VIRTUAL_ENV/PATH propagate to\n  # every subshell (including non-interactive ones spawned by `task`),\n  # not just interactive shells covered by [profile].\n  source \"$PYTHON_DIR/bin/activate\"\n\n  # install the dependencies for this project based on pyproject.toml\n  # <https://pip.pypa.io/en/stable/cli/pip_install/>\n  pip install -e \".[dev]\" --quiet\n\n  # End autogenerated by Flox\n"
    },
    "profile": {
      "bash": "  # Autogenerated by Flox\n\n  echo \"Activating python virtual environment\" >&2\n  source \"$PYTHON_DIR/bin/activate\"\n\n  # End autogenerated by Flox\n",
      "zsh": "  # Autogenerated by Flox\n\n  echo \"Activating python virtual environment\" >&2\n  source \"$PYTHON_DIR/bin/activate\"\n\n  # End autogenerated by Flox\n",
      "fish": "  # Autogenerated by Flox\n\n  echo \"Activating python virtual environment\" >&2\n  source \"$PYTHON_DIR/bin/activate.fish\"\n\n  # End autogenerated by Flox\n",
      "tcsh": "  # Autogenerated by Flox\n\n  echo \"Activating python virtual environment\" >&2\n  source \"$PYTHON_DIR/bin/activate.csh\"\n\n  # End autogenerated by Flox\n"
    },
    "options": {}
  },
  "packages": [
    {
      "attr_path": "claude-code",
      "broken": false,
      "derivation": "/nix/store/w1m52xy605c4hwg0z4l49lln2fr89hbr-claude-code-2.1.170.drv",
      "description": "Agentic coding tool that lives in your terminal, understands your codebase, and helps you code faster",
      "install_id": "claude-code",
      "license": "Unfree",
      "locked_url": "https://github.com/flox/nixpkgs?rev=9ae611a455b90cf061d8f332b977e387bda8e1ca",
      "name": "claude-code-2.1.170",
      "pname": "claude-code",
      "rev": "9ae611a455b90cf061d8f332b977e387bda8e1ca",
      "rev_count": 1014179,
      "rev_date": "2026-06-10T06:56:03Z",
      "scrape_date": "2026-06-12T03:13:44.018751Z",
      "stabilities": [
        "staging",
        "unstable"
      ],
      "unfree": true,
      "version": "2.1.170",
      "outputs_to_install": [
        "out"
      ],
      "outputs": {
        "out": "/nix/store/6026hkx6gah91xigd1282qyqsybjmfjn-claude-code-2.1.170"
      },
      "system": "aarch64-darwin",
      "group": "claude-code",
      "priority": 5
    },
    {
      "attr_path": "claude-code",
      "broken": false,
      "derivation": "/nix/store/q7h6h1w622qqb1jbmyv1f5xx1lj8djw3-claude-code-2.1.170.drv",
      "description": "Agentic coding tool that lives in your terminal, understands your codebase, and helps you code faster",
      "install_id": "claude-code",
      "license": "Unfree",
      "locked_url": "https://github.com/flox/nixpkgs?rev=9ae611a455b90cf061d8f332b977e387bda8e1ca",
      "name": "claude-code-2.1.170",
      "pname": "claude-code",
      "rev": "9ae611a455b90cf061d8f332b977e387bda8e1ca",
      "rev_count": 1014179,
      "rev_date": "2026-06-10T06:56:03Z",
      "scrape_date": "2026-06-12T03:44:32.770909Z",
      "stabilities": [
        "staging",
        "unstable"
      ],
      "unfree": true,
      "version": "2.1.170",
      "outputs_to_install": [
        "out"
      ],
      "outputs": {
        "out": "/nix/store/ihy53w3kciblycjv5i8w80n4qq06rinw-claude-code-2.1.170"
      },
      "system": "aarch64-linux",
      "group": "claude-code",
      "priority": 5
    },
    {
      "attr_path": "claude-code",
      "broken": false,
      "derivation": "/nix/store/5f6ci4yrbzcpd893pfjili1yjwanr7i8-claude-code-2.1.170.drv",
      "description": "Agentic coding tool that lives in your terminal, understands your codebase, and helps you code faster",
      "install_id": "claude-code",
      "license": "Unfree",
      "locked_url": "https://github.com/flox/nixpkgs?rev=9ae611a455b90cf061d8f332b977e387bda8e1ca",
      "name": "claude-code-2.1.170",
      "pname": "claude-code",
      "rev": "9ae611a455b90cf061d8f332b977e387bda8e1ca",
      "rev_count": 1014179,
      "rev_date": "2026-06-10T06:56:03Z",
      "scrape_date": "2026-06-12T04:14:36.695409Z",
      "stabilities": [
        "staging",
        "unstable"
      ],
      "unfree": true,
      "version": "2.1.170",
      "outputs_to_install": [
        "out"
      ],
      "outputs": {
        "out": "/nix/store/maxi6rhznj5sfv0siqpkifprxk2gg3m3-claude-code-2.1.170"
      },
      "system": "x86_64-darwin",
      "group": "claude-code",
      "priority": 5
    },
    {
      "attr_path": "claude-code",
      "broken": false,
      "derivation": "/nix/store/cmqhzpwd6jm6scc66986xcx3jdn0rk55-claude-code-2.1.170.drv",
      "description": "Agentic coding tool that lives in your terminal, understands your codebase, and helps you code faster",
      "install_id": "claude-code",
      "license": "Unfree",
      "locked_url": "https://github.com/flox/nixpkgs?rev=9ae611a455b90cf061d8f332b977e387bda8e1ca",
      "name": "claude-code-2.1.170",
      "pname": "claude-code",
      "rev": "9ae611a455b90cf061d8f332b977e387bda8e1ca",
      "rev_count": 1014179,
      "rev_date": "2026-06-10T06:56:03Z",
      "scrape_date": "2026-06-12T04:47:35.775221Z",
      "stabilities": [
        "staging",
        "unstable"
      ],
      "unfree": true,
      "version": "2.1.170",
      "outputs_to_install": [
        "out"
      ],
      "outputs": {
        "out": "/nix/store/rk256qilp5g4781bx4b8dcjwfiiva873-claude-code-2.1.170"
      },
      "system": "x86_64-linux",
      "group": "claude-code",
      "priority": 5
    },
    {
      "attr_path": "codex",
      "broken": false,
      "derivation": "/nix/store/gzs0s2pjs6r703d5ckzpp15z2z9mh4yx-codex-0.135.0.drv",
      "description": "Lightweight coding agent that runs in your terminal",
      "install_id": "codex",
      "license": "Apache-2.0",
      "locked_url": "https://github.com/flox/nixpkgs?rev=331800de5053fcebacf6813adb5db9c9dca22a0c",
      "name": "codex-0.135.0",
      "pname": "codex",
      "rev": "331800de5053fcebacf6813adb5db9c9dca22a0c",
      "rev_count": 1008282,
      "rev_date": "2026-05-31T16:09:29Z",
      "scrape_date": "2026-06-02T08:55:40.294021Z",
      "stabilities": [
        "unstable"
      ],
      "unfree": false,
      "version": "0.135.0",
      "outputs_to_install": [
        "out"
      ],
      "outputs": {
        "out": "/nix/store/l6p2maazc8iljiz8iv34dkppk7lvk7ni-codex-0.135.0"
      },
      "system": "aarch64-darwin",
      "group": "codex",
      "priority": 5
    },
    {
      "attr_path": "codex",
      "broken": false,
      "derivation": "/nix/store/djxbjp6sx9xwmkgf9yy41vik8kdyhix5-codex-0.135.0.drv",
      "description": "Lightweight coding agent that runs in your terminal",
      "install_id": "codex",
      "license": "Apache-2.0",
      "locked_url": "https://github.com/flox/nixpkgs?rev=331800de5053fcebacf6813adb5db9c9dca22a0c",
      "name": "codex-0.135.0",
      "pname": "codex",
      "rev": "331800de5053fcebacf6813adb5db9c9dca22a0c",
      "rev_count": 1008282,
      "rev_date": "2026-05-31T16:09:29Z",
      "scrape_date": "2026-06-02T09:40:19.446424Z",
      "stabilities": [
        "unstable"
      ],
      "unfree": false,
      "version": "0.135.0",
      "outputs_to_install": [
        "out"
      ],
      "outputs": {
        "out": "/nix/store/ywsap0cn6xx7pawpa07bcc7yxlvmfl0r-codex-0.135.0"
      },
      "system": "aarch64-linux",
      "group": "codex",
      "priority": 5
    },
    {
      "attr_path": "codex",
      "broken": false,
      "derivation": "/nix/store/aq0sbnzf9y676868ckh9gvp9hy2ndqa1-codex-0.135.0.drv",
      "description": "Lightweight coding agent that runs in your terminal",
      "install_id": "codex",
      "license": "Apache-2.0",
      "locked_url": "https://github.com/flox/nixpkgs?rev=331800de5053fcebacf6813adb5db9c9dca22a0c",
      "name": "codex-0.135.0",
      "pname": "codex",
      "rev": "331800de5053fcebacf6813adb5db9c9dca22a0c",
      "rev_count": 1008282,
      "rev_date": "2026-05-31T16:09:29Z",
      "scrape_date": "2026-06-02T10:24:47.448521Z",
      "stabilities": [
        "unstable"
      ],
      "unfree": false,
      "version": "0.135.0",
      "outputs_to_install": [
        "out"
      ],
      "outputs": {
        "out": "/nix/store/70qxp4l1gs24gsx0v4pqmyw45jplx8yz-codex-0.135.0"
      },
      "system": "x86_64-darwin",
      "group": "codex",
      "priority": 5
    },
    {
      "attr_path": "codex",
      "broken": false,
      "derivation": "/nix/store/swrcc8r0z2kp41ga0j6jf6ig10kli5qv-codex-0.135.0.drv",
      "description": "Lightweight coding agent that runs in your terminal",
      "install_id": "codex",
      "license": "Apache-2.0",
      "locked_url": "https://github.com/flox/nixpkgs?rev=331800de5053fcebacf6813adb5db9c9dca22a0c",
      "name": "codex-0.135.0",
      "pname": "codex",
      "rev": "331800de5053fcebacf6813adb5db9c9dca22a0c",
      "rev_count": 1008282,
      "rev_date": "2026-05-31T16:09:29Z",
      "scrape_date": "2026-06-02T11:06:43.030616Z",
      "stabilities": [
        "unstable"
      ],
      "unfree": false,
      "version": "0.135.0",
      "outputs_to_install": [
        "out"
      ],
      "outputs": {
        "out": "/nix/store/q1j9qd6h3cvbbi24q6mr5b5x4ia5q0kd-codex-0.135.0"
      },
      "system": "x86_64-linux",
      "group": "codex",
      "priority": 5
    },
    {
      "attr_path": "black",
      "broken": false,
      "derivation": "/nix/store/cbjn02kbvp59anj5qxwsr3ily4srzgy5-python3.13-black-25.1.0.drv",
      "description": "Uncompromising Python code formatter",
      "install_id": "black",
      "license": "MIT",
      "locked_url": "https://github.com/flox/nixpkgs?rev=29916453413845e54a65b8a1cf996842300cd299",
      "name": "black-25.1.0",
      "pname": "black",
      "rev": "29916453413845e54a65b8a1cf996842300cd299",
      "rev_count": 1003640,
      "rev_date": "2026-05-23T03:54:30Z",
      "scrape_date": "2026-05-24T07:05:50.414404Z",
      "stabilities": [
        "unstable"
      ],
      "unfree": false,
      "version": "25.1.0",
      "outputs_to_install": [
        "out"
      ],
      "outputs": {
        "dist": "/nix/store/s8qxnqw2mpmgjav0salcq00qrv5zdn84-python3.13-black-25.1.0-dist",
        "out": "/nix/store/1ma98c5ikm2nkbg9rwc480061dd4qazi-python3.13-black-25.1.0"
      },
      "system": "aarch64-darwin",
      "group": "toplevel",
      "priority": 5
    },
    {
      "attr_path": "black",
      "broken": false,
      "derivation": "/nix/store/2ic8bybyni5mxprnnkv90fxgl4b9rhhg-python3.13-black-25.1.0.drv",
      "description": "Uncompromising Python code formatter",
      "install_id": "black",
      "license": "MIT",
      "locked_url": "https://github.com/flox/nixpkgs?rev=29916453413845e54a65b8a1cf996842300cd299",
      "name": "black-25.1.0",
      "pname": "black",
      "rev": "29916453413845e54a65b8a1cf996842300cd299",
      "rev_count": 1003640,
      "rev_date": "2026-05-23T03:54:30Z",
      "scrape_date": "2026-05-24T07:34:04.167943Z",
      "stabilities": [
        "unstable"
      ],
      "unfree": false,
      "version": "25.1.0",
      "outputs_to_install": [
        "out"
      ],
      "outputs": {
        "dist": "/nix/store/0pk9xrzqccwprd6phibjdlacr9bqyf4v-python3.13-black-25.1.0-dist",
        "out": "/nix/store/r27bb3457jiwfsb3daq4lk6kgp6d33ja-python3.13-black-25.1.0"
      },
      "system": "aarch64-linux",
      "group": "toplevel",
      "priority": 5
    },
    {
      "attr_path": "black",
      "broken": false,
      "derivation": "/nix/store/sqmg9r2214xh9h2dsshphxjm4k77nk1s-python3.13-black-25.1.0.drv",
      "description": "Uncompromising Python code formatter",
      "install_id": "black",
      "license": "MIT",
      "locked_url": "https://github.com/flox/nixpkgs?rev=29916453413845e54a65b8a1cf996842300cd299",
      "name": "black-25.1.0",
      "pname": "black",
      "rev": "29916453413845e54a65b8a1cf996842300cd299",
      "rev_count": 1003640,
      "rev_date": "2026-05-23T03:54:30Z",
      "scrape_date": "2026-05-24T08:01:32.100817Z",
      "stabilities": [
        "unstable"
      ],
      "unfree": false,
      "version": "25.1.0",
      "outputs_to_install": [
        "out"
      ],
      "outputs": {
        "dist": "/nix/store/a6xplmmd6dh6m92pc0xjr291k34cs86h-python3.13-black-25.1.0-dist",
        "out": "/nix/store/d47aazjncmiqvw7g4qk861fdk0nl7m7k-python3.13-black-25.1.0"
      },
      "system": "x86_64-darwin",
      "group": "toplevel",
      "priority": 5
    },
    {
      "attr_path": "black",
      "broken": false,
      "derivation": "/nix/store/f9n822lgk0b504430fd6lwkx8d6m1yj4-python3.13-black-25.1.0.drv",
      "description": "Uncompromising Python code formatter",
      "install_id": "black",
      "license": "MIT",
      "locked_url": "https://github.com/flox/nixpkgs?rev=29916453413845e54a65b8a1cf996842300cd299",
      "name": "black-25.1.0",
      "pname": "black",
      "rev": "29916453413845e54a65b8a1cf996842300cd299",
      "rev_count": 1003640,
      "rev_date": "2026-05-23T03:54:30Z",
      "scrape_date": "2026-05-24T08:31:55.394276Z",
      "stabilities": [
        "unstable"
      ],
      "unfree": false,
      "version": "25.1.0",
      "outputs_to_install": [
        "out"
      ],
      "outputs": {
        "dist": "/nix/store/lwg83b85lp4rpjvpy7sx63bsymnlngfw-python3.13-black-25.1.0-dist",
        "out": "/nix/store/ap94w6qmcmq3pd1l19l40flzmyh4c94l-python3.13-black-25.1.0"
      },
      "system": "x86_64-linux",
      "group": "toplevel",
      "priority": 5
    },
    {
      "attr_path": "go-task",
      "broken": false,
      "derivation": "/nix/store/hblj7ll86md16hkhkciq92msl7gb1hm3-go-task-3.48.0.drv",
      "description": "Task runner / simpler Make alternative written in Go",
      "install_id": "go-task",
      "license": "MIT",
      "locked_url": "https://github.com/flox/nixpkgs?rev=29916453413845e54a65b8a1cf996842300cd299",
      "name": "go-task-3.48.0",
      "pname": "go-task",
      "rev": "29916453413845e54a65b8a1cf996842300cd299",
      "rev_count": 1003640,
      "rev_date": "2026-05-23T03:54:30Z",
      "scrape_date": "2026-05-24T07:05:51.779830Z",
      "stabilities": [
        "unstable"
      ],
      "unfree": false,
      "version": "3.48.0",
      "outputs_to_install": [
        "out"
      ],
      "outputs": {
        "out": "/nix/store/hg0sx6ah2pinw09i8s3gwicq1x54gbvn-go-task-3.48.0"
      },
      "system": "aarch64-darwin",
      "group": "toplevel",
      "priority": 5
    },
    {
      "attr_path": "go-task",
      "broken": false,
      "derivation": "/nix/store/4c7ijxx1kjjx0dal2n90yh0581gkazli-go-task-3.48.0.drv",
      "description": "Task runner / simpler Make alternative written in Go",
      "install_id": "go-task",
      "license": "MIT",
      "locked_url": "https://github.com/flox/nixpkgs?rev=29916453413845e54a65b8a1cf996842300cd299",
      "name": "go-task-3.48.0",
      "pname": "go-task",
      "rev": "29916453413845e54a65b8a1cf996842300cd299",
      "rev_count": 1003640,
      "rev_date": "2026-05-23T03:54:30Z",
      "scrape_date": "2026-05-24T07:34:06.615850Z",
      "stabilities": [
        "unstable"
      ],
      "unfree": false,
      "version": "3.48.0",
      "outputs_to_install": [
        "out"
      ],
      "outputs": {
        "out": "/nix/store/6bafb6yz2861yxjljadd1m22v2gryl24-go-task-3.48.0"
      },
      "system": "aarch64-linux",
      "group": "toplevel",
      "priority": 5
    },
    {
      "attr_path": "go-task",
      "broken": false,
      "derivation": "/nix/store/pdr1kpqx7f6c23l456z6dsfrrdfs0lkr-go-task-3.48.0.drv",
      "description": "Task runner / simpler Make alternative written in Go",
      "install_id": "go-task",
      "license": "MIT",
      "locked_url": "https://github.com/flox/nixpkgs?rev=29916453413845e54a65b8a1cf996842300cd299",
      "name": "go-task-3.48.0",
      "pname": "go-task",
      "rev": "29916453413845e54a65b8a1cf996842300cd299",
      "rev_count": 1003640,
      "rev_date": "2026-05-23T03:54:30Z",
      "scrape_date": "2026-05-24T08:01:33.417567Z",
      "stabilities": [
        "unstable"
      ],
      "unfree": false,
      "version": "3.48.0",
      "outputs_to_install": [
        "out"
      ],
      "outputs": {
        "out": "/nix/store/xajpc9zjvhmdmwjab8i8grxc248wnzpq-go-task-3.48.0"
      },
      "system": "x86_64-darwin",
      "group": "toplevel",
      "priority": 5
    },
    {
      "attr_path": "go-task",
      "broken": false,
      "derivation": "/nix/store/6lnmskpks8kkr058mplx1g06s8zz7jvs-go-task-3.48.0.drv",
      "description": "Task runner / simpler Make alternative written in Go",
      "install_id": "go-task",
      "license": "MIT",
      "locked_url": "https://github.com/flox/nixpkgs?rev=29916453413845e54a65b8a1cf996842300cd299",
      "name": "go-task-3.48.0",
      "pname": "go-task",
      "rev": "29916453413845e54a65b8a1cf996842300cd299",
      "rev_count": 1003640,
      "rev_date": "2026-05-23T03:54:30Z",
      "scrape_date": "2026-05-24T08:31:58.038558Z",
      "stabilities": [
        "unstable"
      ],
      "unfree": false,
      "version": "3.48.0",
      "outputs_to_install": [
        "out"
      ],
      "outputs": {
        "out": "/nix/store/ajlbzd5gnxrs1yki1sjf327rjx7qq060-go-task-3.48.0"
      },
      "system": "x86_64-linux",
      "group": "toplevel",
      "priority": 5
    },
    {
      "attr_path": "isort",
      "broken": false,
      "derivation": "/nix/store/liviq867vvs5isrc5xpnvpidfs6yqhhm-python3.13-isort-7.0.0.drv",
      "description": "Python utility / library to sort Python imports",
      "install_id": "isort",
      "license": "MIT",
      "locked_url": "https://github.com/flox/nixpkgs?rev=29916453413845e54a65b8a1cf996842300cd299",
      "name": "isort-7.0.0",
      "pname": "isort",
      "rev": "29916453413845e54a65b8a1cf996842300cd299",
      "rev_count": 1003640,
      "rev_date": "2026-05-23T03:54:30Z",
      "scrape_date": "2026-05-24T07:06:07.331755Z",
      "stabilities": [
        "unstable"
      ],
      "unfree": false,
      "version": "7.0.0",
      "outputs_to_install": [
        "out"
      ],
      "outputs": {
        "dist": "/nix/store/103xmwv73c8cyazfmf2h0895czrznb0b-python3.13-isort-7.0.0-dist",
        "out": "/nix/store/w8wvwipwc2x5gw6bz8fmsb9h50qy2fxk-python3.13-isort-7.0.0"
      },
      "system": "aarch64-darwin",
      "group": "toplevel",
      "priority": 5
    },
    {
      "attr_path": "isort",
      "broken": false,
      "derivation": "/nix/store/fb10zql7sd3w86j3cpk5wjqqmgx7iqgn-python3.13-isort-7.0.0.drv",
      "description": "Python utility / library to sort Python imports",
      "install_id": "isort",
      "license": "MIT",
      "locked_url": "https://github.com/flox/nixpkgs?rev=29916453413845e54a65b8a1cf996842300cd299",
      "name": "isort-7.0.0",
      "pname": "isort",
      "rev": "29916453413845e54a65b8a1cf996842300cd299",
      "rev_count": 1003640,
      "rev_date": "2026-05-23T03:54:30Z",
      "scrape_date": "2026-05-24T07:34:25.923108Z",
      "stabilities": [
        "unstable"
      ],
      "unfree": false,
      "version": "7.0.0",
      "outputs_to_install": [
        "out"
      ],
      "outputs": {
        "dist": "/nix/store/xynng5b7ncc35lny2d8c65q4jvsn7zgi-python3.13-isort-7.0.0-dist",
        "out": "/nix/store/k3v7cvizyz42k5ga37sbn94chn0gc8gd-python3.13-isort-7.0.0"
      },
      "system": "aarch64-linux",
      "group": "toplevel",
      "priority": 5
    },
    {
      "attr_path": "isort",
      "broken": false,
      "derivation": "/nix/store/v8gjkmx1m5k3r1hw3lhwhkyvz37vjkhp-python3.13-isort-7.0.0.drv",
      "description": "Python utility / library to sort Python imports",
      "install_id": "isort",
      "license": "MIT",
      "locked_url": "https://github.com/flox/nixpkgs?rev=29916453413845e54a65b8a1cf996842300cd299",
      "name": "isort-7.0.0",
      "pname": "isort",
      "rev": "29916453413845e54a65b8a1cf996842300cd299",
      "rev_count": 1003640,
      "rev_date": "2026-05-23T03:54:30Z",
      "scrape_date": "2026-05-24T08:01:49.298298Z",
      "stabilities": [
        "unstable"
      ],
      "unfree": false,
      "version": "7.0.0",
      "outputs_to_install": [
        "out"
      ],
      "outputs": {
        "dist": "/nix/store/dsisk7083022smh2jwy2qyj2b9i9mxnz-python3.13-isort-7.0.0-dist",
        "out": "/nix/store/39nyjggps3f55bf7blcz428glhqab04v-python3.13-isort-7.0.0"
      },
      "system": "x86_64-darwin",
      "group": "toplevel",
      "priority": 5
    },
    {
      "attr_path": "isort",
      "broken": false,
      "derivation": "/nix/store/1hj46cvvcn57h267a19dh6lxdi8hsq48-python3.13-isort-7.0.0.drv",
      "description": "Python utility / library to sort Python imports",
      "install_id": "isort",
      "license": "MIT",
      "locked_url": "https://github.com/flox/nixpkgs?rev=29916453413845e54a65b8a1cf996842300cd299",
      "name": "isort-7.0.0",
      "pname": "isort",
      "rev": "29916453413845e54a65b8a1cf996842300cd299",
      "rev_count": 1003640,
      "rev_date": "2026-05-23T03:54:30Z",
      "scrape_date": "2026-05-24T08:32:18.049517Z",
      "stabilities": [
        "unstable"
      ],
      "unfree": false,
      "version": "7.0.0",
      "outputs_to_install": [
        "out"
      ],
      "outputs": {
        "dist": "/nix/store/raf7mmg34zbbzb6h1cqq10923y57zgyn-python3.13-isort-7.0.0-dist",
        "out": "/nix/store/rb37nshd7vdqwbmx3b0ff30d2hgjjanx-python3.13-isort-7.0.0"
      },
      "system": "x86_64-linux",
      "group": "toplevel",
      "priority": 5
    },
    {
      "attr_path": "python3",
      "broken": false,
      "derivation": "/nix/store/jvznzx6apcj5x15cnsw3hnamrflwxaq0-python3-3.13.13.drv",
      "description": "High-level dynamically-typed programming language",
      "install_id": "python3",
      "license": "Python-2.0",
      "locked_url": "https://github.com/flox/nixpkgs?rev=29916453413845e54a65b8a1cf996842300cd299",
      "name": "python3-3.13.13",
      "pname": "python3",
      "rev": "29916453413845e54a65b8a1cf996842300cd299",
      "rev_count": 1003640,
      "rev_date": "2026-05-23T03:54:30Z",
      "scrape_date": "2026-05-24T07:06:31.030564Z",
      "stabilities": [
        "unstable"
      ],
      "unfree": false,
      "version": "3.13.13",
      "outputs_to_install": [
        "out"
      ],
      "outputs": {
        "out": "/nix/store/ygxqin6ydzjfawywqpp5pal8wv6sf5bh-python3-3.13.13"
      },
      "system": "aarch64-darwin",
      "group": "toplevel",
      "priority": 5
    },
    {
      "attr_path": "python3",
      "broken": false,
      "derivation": "/nix/store/cz7ch9rip1fkx6qlq9wbw4zzby6lm1ac-python3-3.13.13.drv",
      "description": "High-level dynamically-typed programming language",
      "install_id": "python3",
      "license": "Python-2.0",
      "locked_url": "https://github.com/flox/nixpkgs?rev=29916453413845e54a65b8a1cf996842300cd299",
      "name": "python3-3.13.13",
      "pname": "python3",
      "rev": "29916453413845e54a65b8a1cf996842300cd299",
      "rev_count": 1003640,
      "rev_date": "2026-05-23T03:54:30Z",
      "scrape_date": "2026-05-24T07:35:05.589560Z",
      "stabilities": [
        "unstable"
      ],
      "unfree": false,
      "version": "3.13.13",
      "outputs_to_install": [
        "out",
        "out"
      ],
      "outputs": {
        "debug": "/nix/store/wsi1phrz2gvs0xa8gxsq34mbdpr0s6h0-python3-3.13.13-debug",
        "out": "/nix/store/lqn6mbgzzdrqq2qkwddcmxj9z6amdd86-python3-3.13.13"
      },
      "system": "aarch64-linux",
      "group": "toplevel",
      "priority": 5
    },
    {
      "attr_path": "python3",
      "broken": false,
      "derivation": "/nix/store/i7jfaphjj1kr98vbh658bzci515d1m0z-python3-3.13.13.drv",
      "description": "High-level dynamically-typed programming language",
      "install_id": "python3",
      "license": "Python-2.0",
      "locked_url": "https://github.com/flox/nixpkgs?rev=29916453413845e54a65b8a1cf996842300cd299",
      "name": "python3-3.13.13",
      "pname": "python3",
      "rev": "29916453413845e54a65b8a1cf996842300cd299",
      "rev_count": 1003640,
      "rev_date": "2026-05-23T03:54:30Z",
      "scrape_date": "2026-05-24T08:02:14.047968Z",
      "stabilities": [
        "unstable"
      ],
      "unfree": false,
      "version": "3.13.13",
      "outputs_to_install": [
        "out"
      ],
      "outputs": {
        "out": "/nix/store/fyyi8b1dpk3xpjnn52rznnpvlyivds97-python3-3.13.13"
      },
      "system": "x86_64-darwin",
      "group": "toplevel",
      "priority": 5
    },
    {
      "attr_path": "python3",
      "broken": false,
      "derivation": "/nix/store/dhmlg234y19dv1bampr2ck9m3s7bzpn4-python3-3.13.13.drv",
      "description": "High-level dynamically-typed programming language",
      "install_id": "python3",
      "license": "Python-2.0",
      "locked_url": "https://github.com/flox/nixpkgs?rev=29916453413845e54a65b8a1cf996842300cd299",
      "name": "python3-3.13.13",
      "pname": "python3",
      "rev": "29916453413845e54a65b8a1cf996842300cd299",
      "rev_count": 1003640,
      "rev_date": "2026-05-23T03:54:30Z",
      "scrape_date": "2026-05-24T08:32:58.634521Z",
      "stabilities": [
        "unstable"
      ],
      "unfree": false,
      "version": "3.13.13",
      "outputs_to_install": [
        "out",
        "out"
      ],
      "outputs": {
        "debug": "/nix/store/f8f8fd1yyvay2916vv1lk77v4cy5p3wz-python3-3.13.13-debug",
        "out": "/nix/store/60m4rxhg2fldqaak400c0lry96ijrzqn-python3-3.13.13"
      },
      "system": "x86_64-linux",
      "group": "toplevel",
      "priority": 5
    },
    {
      "install_id": "infer",
      "locked-url": "github:inference-gateway/cli/f439d4e2a359b7db834f995174dea8300fb02ccf?narHash=sha256-fp1gEl5FemmY4VYefCYPfisR1OViBkDsyQuYpAbFPbw%3D",
      "flake-description": "Inference Gateway CLI - infer",
      "locked-flake-attr-path": "packages.aarch64-darwin.default",
      "derivation": "/nix/store/993z386v7rxynsi0a7365gbzsizp39yb-infer-0.121.1.drv",
      "outputs": {
        "out": "/nix/store/p30vk513zz4fx7i88dbjxz1riv5mz3z0-infer-0.121.1"
      },
      "output-names": [
        "out"
      ],
      "outputs-to-install": [
        "out"
      ],
      "requested-outputs-to-install": [],
      "package-system": "aarch64-darwin",
      "system": "aarch64-darwin",
      "name": "infer-0.121.1",
      "pname": "infer",
      "version": "0.121.1",
      "description": "Command-line interface for the Inference Gateway - AI model interaction manager",
      "licenses": [
        "MIT"
      ],
      "broken": false,
      "unfree": false,
      "priority": 5
    },
    {
      "install_id": "infer",
      "locked-url": "github:inference-gateway/cli/f439d4e2a359b7db834f995174dea8300fb02ccf?narHash=sha256-fp1gEl5FemmY4VYefCYPfisR1OViBkDsyQuYpAbFPbw%3D",
      "flake-description": "Inference Gateway CLI - infer",
      "locked-flake-attr-path": "packages.aarch64-linux.default",
      "derivation": "/nix/store/f1n0ydy6h2wdlp7nzxd0rpa01dssjj9g-infer-0.121.1.drv",
      "outputs": {
        "out": "/nix/store/30gi6dpybvv74b7mi7pab7pkilc4ba7b-infer-0.121.1"
      },
      "output-names": [
        "out"
      ],
      "outputs-to-install": [
        "out"
      ],
      "requested-outputs-to-install": [],
      "package-system": "aarch64-linux",
      "system": "aarch64-linux",
      "name": "infer-0.121.1",
      "pname": "infer",
      "version": "0.121.1",
      "description": "Command-line interface for the Inference Gateway - AI model interaction manager",
      "licenses": [
        "MIT"
      ],
      "broken": false,
      "unfree": false,
      "priority": 5
    },
    {
      "install_id": "infer",
      "locked-url": "github:inference-gateway/cli/f439d4e2a359b7db834f995174dea8300fb02ccf?narHash=sha256-fp1gEl5FemmY4VYefCYPfisR1OViBkDsyQuYpAbFPbw%3D",
      "flake-description": "Inference Gateway CLI - infer",
      "locked-flake-attr-path": "packages.x86_64-darwin.default",
      "derivation": "/nix/store/7zl4v19fn30lrv4ghxrl2wb0mfnsa7cc-infer-0.121.1.drv",
      "outputs": {
        "out": "/nix/store/2zgqvg1jhlqx1g2cc1ps804y8pqrf0nn-infer-0.121.1"
      },
      "output-names": [
        "out"
      ],
      "outputs-to-install": [
        "out"
      ],
      "requested-outputs-to-install": [],
      "package-system": "x86_64-darwin",
      "system": "x86_64-darwin",
      "name": "infer-0.121.1",
      "pname": "infer",
      "version": "0.121.1",
      "description": "Command-line interface for the Inference Gateway - AI model interaction manager",
      "licenses": [
        "MIT"
      ],
      "broken": false,
      "unfree": false,
      "priority": 5
    },
    {
      "install_id": "infer",
      "locked-url": "github:inference-gateway/cli/f439d4e2a359b7db834f995174dea8300fb02ccf?narHash=sha256-fp1gEl5FemmY4VYefCYPfisR1OViBkDsyQuYpAbFPbw%3D",
      "flake-description": "Inference Gateway CLI - infer",
      "locked-flake-attr-path": "packages.x86_64-linux.default",
      "derivation": "/nix/store/calj8y83fk73nqc67q6464jvg37f6zv3-infer-0.121.1.drv",
      "outputs": {
        "out": "/nix/store/gijw1m6an3mqhgj5prdlnhp1j5dpxdyy-infer-0.121.1"
      },
      "output-names": [
        "out"
      ],
      "outputs-to-install": [
        "out"
      ],
      "requested-outputs-to-install": [],
      "package-system": "x86_64-linux",
      "system": "x86_64-linux",
      "name": "infer-0.121.1",
      "pname": "infer",
      "version": "0.121.1",
      "description": "Command-line interface for the Inference Gateway - AI model interaction manager",
      "licenses": [
        "MIT"
      ],
      "broken": false,
      "unfree": false,
      "priority": 5
    }
  ]
}
