{
  "lockfile-version": 1,
  "manifest": {
    "schema-version": "1.11.0",
    "install": {
      "claude-code": {
        "pkg-path": "claude-code",
        "version": "2.1.112"
      },
      "go-task": {
        "pkg-path": "go-task",
        "version": "3.48.0"
      },
      "python3": {
        "pkg-path": "python3",
        "version": "^3.13.12"
      }
    },
    "hook": {
      "on-activate": "  # Autogenerated by Flox\n\n  # Setup a Python virtual environment\n\n  export PYTHON_DIR=\"$FLOX_ENV_CACHE/python\"\n  if [ ! -d \"$PYTHON_DIR\" ]; then\n    echo \"Creating python virtual environment in $PYTHON_DIR\"\n    python -m venv \"$PYTHON_DIR\"\n  fi\n\n  # Activate the venv at the hook level so VIRTUAL_ENV/PATH propagate to\n  # every subshell (including non-interactive ones spawned by `task`),\n  # not just interactive shells covered by [profile].\n  source \"$PYTHON_DIR/bin/activate\"\n\n  # install the dependencies for this project based on pyproject.toml\n  # <https://pip.pypa.io/en/stable/cli/pip_install/>\n  pip install -e \".[dev]\" --quiet\n\n  # End autogenerated by Flox\n"
    },
    "profile": {
      "bash": "  # Autogenerated by Flox\n\n  echo \"Activating python virtual environment\" >&2\n  source \"$PYTHON_DIR/bin/activate\"\n\n  # End autogenerated by Flox\n",
      "zsh": "  # Autogenerated by Flox\n\n  echo \"Activating python virtual environment\" >&2\n  source \"$PYTHON_DIR/bin/activate\"\n\n  # End autogenerated by Flox\n",
      "fish": "  # Autogenerated by Flox\n\n  echo \"Activating python virtual environment\" >&2\n  source \"$PYTHON_DIR/bin/activate.fish\"\n\n  # End autogenerated by Flox\n",
      "tcsh": "  # Autogenerated by Flox\n\n  echo \"Activating python virtual environment\" >&2\n  source \"$PYTHON_DIR/bin/activate.csh\"\n\n  # End autogenerated by Flox\n"
    },
    "options": {}
  },
  "packages": [
    {
      "attr_path": "claude-code",
      "broken": false,
      "derivation": "/nix/store/vr51n6hnj5vx05q15g5vz8y3q6ys1m2f-claude-code-2.1.112.drv",
      "description": "Agentic coding tool that lives in your terminal, understands your codebase, and helps you code faster",
      "install_id": "claude-code",
      "license": "Unfree",
      "locked_url": "https://github.com/flox/nixpkgs?rev=0726a0ecb6d4e08f6adced58726b95db924cef57",
      "name": "claude-code-2.1.112",
      "pname": "claude-code",
      "rev": "0726a0ecb6d4e08f6adced58726b95db924cef57",
      "rev_count": 985613,
      "rev_date": "2026-04-22T17:02:47Z",
      "scrape_date": "2026-04-29T20:03:39.904895Z",
      "stabilities": [
        "unstable"
      ],
      "unfree": true,
      "version": "2.1.112",
      "outputs_to_install": [
        "out"
      ],
      "outputs": {
        "out": "/nix/store/9h2v715cvlpdh6w5rdzxaq9s4z4xn570-claude-code-2.1.112"
      },
      "system": "aarch64-darwin",
      "group": "toplevel",
      "priority": 5
    },
    {
      "attr_path": "claude-code",
      "broken": false,
      "derivation": "/nix/store/pbjqm71bgwjrlrb1n0hjpp9n5j4q5mh6-claude-code-2.1.112.drv",
      "description": "Agentic coding tool that lives in your terminal, understands your codebase, and helps you code faster",
      "install_id": "claude-code",
      "license": "Unfree",
      "locked_url": "https://github.com/flox/nixpkgs?rev=0726a0ecb6d4e08f6adced58726b95db924cef57",
      "name": "claude-code-2.1.112",
      "pname": "claude-code",
      "rev": "0726a0ecb6d4e08f6adced58726b95db924cef57",
      "rev_count": 985613,
      "rev_date": "2026-04-22T17:02:47Z",
      "scrape_date": "2026-04-29T21:17:23.059816Z",
      "stabilities": [
        "unstable"
      ],
      "unfree": true,
      "version": "2.1.112",
      "outputs_to_install": [
        "out"
      ],
      "outputs": {
        "out": "/nix/store/1m8vb23j05gq201vxgdf0hnf7zc927xf-claude-code-2.1.112"
      },
      "system": "aarch64-linux",
      "group": "toplevel",
      "priority": 5
    },
    {
      "attr_path": "claude-code",
      "broken": false,
      "derivation": "/nix/store/531qa5pk4556a5vwivhz8j5jscickycj-claude-code-2.1.112.drv",
      "description": "Agentic coding tool that lives in your terminal, understands your codebase, and helps you code faster",
      "install_id": "claude-code",
      "license": "Unfree",
      "locked_url": "https://github.com/flox/nixpkgs?rev=0726a0ecb6d4e08f6adced58726b95db924cef57",
      "name": "claude-code-2.1.112",
      "pname": "claude-code",
      "rev": "0726a0ecb6d4e08f6adced58726b95db924cef57",
      "rev_count": 985613,
      "rev_date": "2026-04-22T17:02:47Z",
      "scrape_date": "2026-04-29T22:26:12.628793Z",
      "stabilities": [
        "unstable"
      ],
      "unfree": true,
      "version": "2.1.112",
      "outputs_to_install": [
        "out"
      ],
      "outputs": {
        "out": "/nix/store/l2qrc7k1hjids75391ivbqslmyh5z056-claude-code-2.1.112"
      },
      "system": "x86_64-darwin",
      "group": "toplevel",
      "priority": 5
    },
    {
      "attr_path": "claude-code",
      "broken": false,
      "derivation": "/nix/store/b76yckj8f366syis58c1ij27xc0rjb9b-claude-code-2.1.112.drv",
      "description": "Agentic coding tool that lives in your terminal, understands your codebase, and helps you code faster",
      "install_id": "claude-code",
      "license": "Unfree",
      "locked_url": "https://github.com/flox/nixpkgs?rev=0726a0ecb6d4e08f6adced58726b95db924cef57",
      "name": "claude-code-2.1.112",
      "pname": "claude-code",
      "rev": "0726a0ecb6d4e08f6adced58726b95db924cef57",
      "rev_count": 985613,
      "rev_date": "2026-04-22T17:02:47Z",
      "scrape_date": "2026-04-29T23:48:06.033786Z",
      "stabilities": [
        "unstable"
      ],
      "unfree": true,
      "version": "2.1.112",
      "outputs_to_install": [
        "out"
      ],
      "outputs": {
        "out": "/nix/store/0zxm3ic96w2yq2s6dkl8w1iwsskzhrg4-claude-code-2.1.112"
      },
      "system": "x86_64-linux",
      "group": "toplevel",
      "priority": 5
    },
    {
      "attr_path": "go-task",
      "broken": false,
      "derivation": "/nix/store/nb7wzw4x040dz0zxvg987i0vv89fa6ck-go-task-3.48.0.drv",
      "description": "Task runner / simpler Make alternative written in Go",
      "install_id": "go-task",
      "license": "MIT",
      "locked_url": "https://github.com/flox/nixpkgs?rev=0726a0ecb6d4e08f6adced58726b95db924cef57",
      "name": "go-task-3.48.0",
      "pname": "go-task",
      "rev": "0726a0ecb6d4e08f6adced58726b95db924cef57",
      "rev_count": 985613,
      "rev_date": "2026-04-22T17:02:47Z",
      "scrape_date": "2026-04-29T20:03:40.925407Z",
      "stabilities": [
        "unstable"
      ],
      "unfree": false,
      "version": "3.48.0",
      "outputs_to_install": [
        "out"
      ],
      "outputs": {
        "out": "/nix/store/gx97hxd28ymbxf2nj4kq6masld4qk7yw-go-task-3.48.0"
      },
      "system": "aarch64-darwin",
      "group": "toplevel",
      "priority": 5
    },
    {
      "attr_path": "go-task",
      "broken": false,
      "derivation": "/nix/store/y3q5bpvw5smpm2y97azm4sp8cin7l9vg-go-task-3.48.0.drv",
      "description": "Task runner / simpler Make alternative written in Go",
      "install_id": "go-task",
      "license": "MIT",
      "locked_url": "https://github.com/flox/nixpkgs?rev=0726a0ecb6d4e08f6adced58726b95db924cef57",
      "name": "go-task-3.48.0",
      "pname": "go-task",
      "rev": "0726a0ecb6d4e08f6adced58726b95db924cef57",
      "rev_count": 985613,
      "rev_date": "2026-04-22T17:02:47Z",
      "scrape_date": "2026-04-29T21:17:25.082882Z",
      "stabilities": [
        "unstable"
      ],
      "unfree": false,
      "version": "3.48.0",
      "outputs_to_install": [
        "out"
      ],
      "outputs": {
        "out": "/nix/store/di0pkf2d113g9nkcbm4p51sgivfbkcxg-go-task-3.48.0"
      },
      "system": "aarch64-linux",
      "group": "toplevel",
      "priority": 5
    },
    {
      "attr_path": "go-task",
      "broken": false,
      "derivation": "/nix/store/31ix4zbv7rw8zrw0m4qkqb8pjlpd7nrp-go-task-3.48.0.drv",
      "description": "Task runner / simpler Make alternative written in Go",
      "install_id": "go-task",
      "license": "MIT",
      "locked_url": "https://github.com/flox/nixpkgs?rev=0726a0ecb6d4e08f6adced58726b95db924cef57",
      "name": "go-task-3.48.0",
      "pname": "go-task",
      "rev": "0726a0ecb6d4e08f6adced58726b95db924cef57",
      "rev_count": 985613,
      "rev_date": "2026-04-22T17:02:47Z",
      "scrape_date": "2026-04-29T22:26:13.671468Z",
      "stabilities": [
        "unstable"
      ],
      "unfree": false,
      "version": "3.48.0",
      "outputs_to_install": [
        "out"
      ],
      "outputs": {
        "out": "/nix/store/4mdamkq6v7xi11525ah95nb4psdd1a9m-go-task-3.48.0"
      },
      "system": "x86_64-darwin",
      "group": "toplevel",
      "priority": 5
    },
    {
      "attr_path": "go-task",
      "broken": false,
      "derivation": "/nix/store/48fsygvnlrh7g8na7y0wxc750bqwpzpc-go-task-3.48.0.drv",
      "description": "Task runner / simpler Make alternative written in Go",
      "install_id": "go-task",
      "license": "MIT",
      "locked_url": "https://github.com/flox/nixpkgs?rev=0726a0ecb6d4e08f6adced58726b95db924cef57",
      "name": "go-task-3.48.0",
      "pname": "go-task",
      "rev": "0726a0ecb6d4e08f6adced58726b95db924cef57",
      "rev_count": 985613,
      "rev_date": "2026-04-22T17:02:47Z",
      "scrape_date": "2026-04-29T23:48:08.266861Z",
      "stabilities": [
        "unstable"
      ],
      "unfree": false,
      "version": "3.48.0",
      "outputs_to_install": [
        "out"
      ],
      "outputs": {
        "out": "/nix/store/gak3jfx9splyph60r0vvvv24vjcwyakx-go-task-3.48.0"
      },
      "system": "x86_64-linux",
      "group": "toplevel",
      "priority": 5
    },
    {
      "attr_path": "python3",
      "broken": false,
      "derivation": "/nix/store/4jsnzrzl379r6cjrr836lh6vi4p4kgv4-python3-3.13.12.drv",
      "description": "High-level dynamically-typed programming language",
      "install_id": "python3",
      "license": "Python-2.0",
      "locked_url": "https://github.com/flox/nixpkgs?rev=0726a0ecb6d4e08f6adced58726b95db924cef57",
      "name": "python3-3.13.12",
      "pname": "python3",
      "rev": "0726a0ecb6d4e08f6adced58726b95db924cef57",
      "rev_count": 985613,
      "rev_date": "2026-04-22T17:02:47Z",
      "scrape_date": "2026-04-29T20:04:20.919584Z",
      "stabilities": [
        "unstable"
      ],
      "unfree": false,
      "version": "3.13.12",
      "outputs_to_install": [
        "out",
        "out"
      ],
      "outputs": {
        "out": "/nix/store/kwnbzccaiqi6iwdchcy6xc8br4x9hn0j-python3-3.13.12"
      },
      "system": "aarch64-darwin",
      "group": "toplevel",
      "priority": 5
    },
    {
      "attr_path": "python3",
      "broken": false,
      "derivation": "/nix/store/5a3k0w97564gz3qxf00dvrs6yn9v8dl6-python3-3.13.12.drv",
      "description": "High-level dynamically-typed programming language",
      "install_id": "python3",
      "license": "Python-2.0",
      "locked_url": "https://github.com/flox/nixpkgs?rev=0726a0ecb6d4e08f6adced58726b95db924cef57",
      "name": "python3-3.13.12",
      "pname": "python3",
      "rev": "0726a0ecb6d4e08f6adced58726b95db924cef57",
      "rev_count": 985613,
      "rev_date": "2026-04-22T17:02:47Z",
      "scrape_date": "2026-04-29T21:18:22.919159Z",
      "stabilities": [
        "unstable"
      ],
      "unfree": false,
      "version": "3.13.12",
      "outputs_to_install": [
        "out",
        "out",
        "out"
      ],
      "outputs": {
        "debug": "/nix/store/xyg8jfgpbyap2blwfmh3lhxy1vmhhbia-python3-3.13.12-debug",
        "out": "/nix/store/36mns0lq3c2zgky08rsq0xvamfzglzvj-python3-3.13.12"
      },
      "system": "aarch64-linux",
      "group": "toplevel",
      "priority": 5
    },
    {
      "attr_path": "python3",
      "broken": false,
      "derivation": "/nix/store/227zjffs3h685la0wmjp42z850j2f59w-python3-3.13.12.drv",
      "description": "High-level dynamically-typed programming language",
      "install_id": "python3",
      "license": "Python-2.0",
      "locked_url": "https://github.com/flox/nixpkgs?rev=0726a0ecb6d4e08f6adced58726b95db924cef57",
      "name": "python3-3.13.12",
      "pname": "python3",
      "rev": "0726a0ecb6d4e08f6adced58726b95db924cef57",
      "rev_count": 985613,
      "rev_date": "2026-04-22T17:02:47Z",
      "scrape_date": "2026-04-29T22:26:52.574543Z",
      "stabilities": [
        "unstable"
      ],
      "unfree": false,
      "version": "3.13.12",
      "outputs_to_install": [
        "out",
        "out"
      ],
      "outputs": {
        "out": "/nix/store/mgd8qy2z9xj5y7lkrfw1zw2l6adanc1d-python3-3.13.12"
      },
      "system": "x86_64-darwin",
      "group": "toplevel",
      "priority": 5
    },
    {
      "attr_path": "python3",
      "broken": false,
      "derivation": "/nix/store/akf75nmhvs2x06g2qrag3vd321rpp02i-python3-3.13.12.drv",
      "description": "High-level dynamically-typed programming language",
      "install_id": "python3",
      "license": "Python-2.0",
      "locked_url": "https://github.com/flox/nixpkgs?rev=0726a0ecb6d4e08f6adced58726b95db924cef57",
      "name": "python3-3.13.12",
      "pname": "python3",
      "rev": "0726a0ecb6d4e08f6adced58726b95db924cef57",
      "rev_count": 985613,
      "rev_date": "2026-04-22T17:02:47Z",
      "scrape_date": "2026-04-29T23:49:09.025033Z",
      "stabilities": [
        "unstable"
      ],
      "unfree": false,
      "version": "3.13.12",
      "outputs_to_install": [
        "out",
        "out",
        "out",
        "out",
        "out"
      ],
      "outputs": {
        "debug": "/nix/store/4q5zc1g7w4x5c0p5cdv1nh61z8ddxqqq-python3-3.13.12-debug",
        "out": "/nix/store/0r6k8xa2kgqyp3r4v2w7yrb80ma2iawm-python3-3.13.12"
      },
      "system": "x86_64-linux",
      "group": "toplevel",
      "priority": 5
    }
  ]
}
